<?xml version="1.0" encoding="utf-8"?>
<Project ToolsVersion="4.0" xmlns="http://schemas.microsoft.com/developer/msbuild/2003">
  <ItemGroup>
    <Filter Include="Source Files">
      <UniqueIdentifier>{4FC737F1-C7A5-4376-A066-2A32D752A2FF}</UniqueIdentifier>
      <Extensions>cpp;c;cc;cxx;c++;cppm;ixx;def;odl;idl;hpj;bat;asm;asmx</Extensions>
    </Filter>
    <Filter Include="Header Files">
      <UniqueIdentifier>{93995380-89BD-4b04-88EB-625FBE52EBFB}</UniqueIdentifier>
      <Extensions>h;hh;hpp;hxx;h++;hm;inl;inc;ipp;xsd</Extensions>
    </Filter>
    <Filter Include="Resource Files">
      <UniqueIdentifier>{67DA6AB6-F800-4c08-8B7A-83BB121AAD01}</UniqueIdentifier>
      <Extensions>rc;ico;cur;bmp;dlg;rc2;rct;bin;rgs;gif;jpg;jpeg;jpe;resx;tiff;tif;png;wav;mfcribbon-ms</Extensions>
    </Filter>
    <Filter Include="Header Files\Class">
      <UniqueIdentifier>{70894952-d6f7-45a1-ba86-e9c600bbb7a8}</UniqueIdentifier>
    </Filter>
    <Filter Include="Header Files\myLibrary">
      <UniqueIdentifier>{14cedfb0-09e4-4cd2-abc5-b7b80a3a19f5}</UniqueIdentifier>
    </Filter>
    <Filter Include="Source Files\Class">
      <UniqueIdentifier>{f98d8063-6e25-4353-9920-920dd6049374}</UniqueIdentifier>
    </Filter>
    <Filter Include="Source Files\main">
      <UniqueIdentifier>{8e0e2dea-bf19-413e-976e-2b5eae5516e8}</UniqueIdentifier>
    </Filter>
    <Filter Include="Header Files\FileManager">
      <UniqueIdentifier>{942cbc71-aceb-457c-b140-2c007fde00d5}</UniqueIdentifier>
    </Filter>
    <Filter Include="Source Files\FileManager">
      <UniqueIdentifier>{8d264e4d-86b4-460e-9c07-28c1dcd6faf1}</UniqueIdentifier>
    </Filter>
  </ItemGroup>
  <ItemGroup>
    <ClInclude Include="Class.h">
      <Filter>Header Files\Class</Filter>
    </ClInclude>
    <ClInclude Include="LinkedList.h">
      <Filter>Header Files\Class</Filter>
    </ClInclude>
    <ClInclude Include="MarkScript.h">
      <Filter>Header Files\Class</Filter>
    </ClInclude>
    <ClInclude Include="Question.h">
      <Filter>Header Files\Class</Filter>
    </ClInclude>
    <ClInclude Include="QuestionList.h">
      <Filter>Header Files\Class</Filter>
    </ClInclude>
    <ClInclude Include="QuestionNode.h">
      <Filter>Header Files\Class</Filter>
    </ClInclude>
    <ClInclude Include="QuestionTree.h">
      <Filter>Header Files\Class</Filter>
    </ClInclude>
    <ClInclude Include="StudentScript.h">
      <Filter>Header Files\Class</Filter>
    </ClInclude>
    <ClInclude Include="Subject.h">
      <Filter>Header Files\Class</Filter>
    </ClInclude>
    <ClInclude Include="mylib.h">
      <Filter>Header Files\myLibrary</Filter>
    </ClInclude>
    <ClInclude Include="FileManager.h">
      <Filter>Header Files\FileManager</Filter>
    </ClInclude>
  </ItemGroup>
  <ItemGroup>
    <ClCompile Include="Class.cpp">
      <Filter>Source Files\Class</Filter>
    </ClCompile>
    <ClCompile Include="MarkScript.cpp">
      <Filter>Source Files\Class</Filter>
    </ClCompile>
    <ClCompile Include="Subject.cpp">
      <Filter>Source Files\Class</Filter>
    </ClCompile>
    <ClCompile Include="StudentScript.cpp">
      <Filter>Source Files\Class</Filter>
    </ClCompile>
    <ClCompile Include="QuestionTree.cpp">
      <Filter>Source Files\Class</Filter>
    </ClCompile>
    <ClCompile Include="QuestionNode.cpp">
      <Filter>Source Files\Class</Filter>
    </ClCompile>
    <ClCompile Include="QuestionList.cpp">
      <Filter>Source Files\Class</Filter>
    </ClCompile>
    <ClCompile Include="Question.cpp">
      <Filter>Source Files\Class</Filter>
    </ClCompile>
    <ClCompile Include="main.cpp">
      <Filter>Source Files\main</Filter>
    </ClCompile>
    <ClCompile Include="FileManager.cpp">
      <Filter>Source Files\FileManager</Filter>
    </ClCompile>
  </ItemGroup>
</Project>